PODS:
  - clipboard_manager (0.0.3):
    - Flutter
  - Flutter (1.0.0)
  - flutter_custom_dialog (0.0.1):
    - Flutter
  - flutter_webview_plugin (0.0.1):
    - Flutter
  - fluttertoast (0.0.2):
    - Flutter
  - path_provider (0.0.1):
    - Flutter
  - shared_preferences (0.0.1):
    - Flutter
  - url_launcher (0.0.1):
    - Flutter

DEPENDENCIES:
  - clipboard_manager (from `.symlinks/plugins/clipboard_manager/ios`)
  - Flutter (from `Flutter`)
  - flutter_custom_dialog (from `.symlinks/plugins/flutter_custom_dialog/ios`)
  - flutter_webview_plugin (from `.symlinks/plugins/flutter_webview_plugin/ios`)
  - fluttertoast (from `.symlinks/plugins/fluttertoast/ios`)
  - path_provider (from `.symlinks/plugins/path_provider/ios`)
  - shared_preferences (from `.symlinks/plugins/shared_preferences/ios`)
  - url_launcher (from `.symlinks/plugins/url_launcher/ios`)

EXTERNAL SOURCES:
  clipboard_manager:
    :path: ".symlinks/plugins/clipboard_manager/ios"
  Flutter:
    :path: Flutter
  flutter_custom_dialog:
    :path: ".symlinks/plugins/flutter_custom_dialog/ios"
  flutter_webview_plugin:
    :path: ".symlinks/plugins/flutter_webview_plugin/ios"
  fluttertoast:
    :path: ".symlinks/plugins/fluttertoast/ios"
  path_provider:
    :path: ".symlinks/plugins/path_provider/ios"
  shared_preferences:
    :path: ".symlinks/plugins/shared_preferences/ios"
  url_launcher:
    :path: ".symlinks/plugins/url_launcher/ios"

SPEC CHECKSUMS:
  clipboard_manager: f4800834e62cc26b1cc4e0a92a35cd452dd8b827
  Flutter: 0e3d915762c693b495b44d77113d4970485de6ec
  flutter_custom_dialog: c0d222a3c35af5b57581e54ef8784c94037cd2ec
  flutter_webview_plugin: ed9e8a6a96baf0c867e90e1bce2673913eeac694
  fluttertoast: b644586ef3b16f67fae9a1f8754cef6b2d6b634b
  path_provider: abfe2b5c733d04e238b0d8691db0cfd63a27a93c
  shared_preferences: af6bfa751691cdc24be3045c43ec037377ada40d
  url_launcher: 6fef411d543ceb26efce54b05a0a40bfd74cbbef

PODFILE CHECKSUM: aafe91acc616949ddb318b77800a7f51bffa2a4c

COCOAPODS: 1.9.3
